
Microsoft Visual Studio Solution File, Format Version 12.00
# Visual Studio Version 16
VisualStudioVersion = 16.0.30717.126
MinimumVisualStudioVersion = 10.0.40219.1
Project("{9A19103F-16F7-4668-BE54-9A1E7A4F7556}") = "CampusMindManagement", "CampusMindManagement\CampusMindManagement.csproj", "{09543D92-4EE6-4EC3-B9F9-07590E38DDC7}"
EndProject
Project("{9A19103F-16F7-4668-BE54-9A1E7A4F7556}") = "CampusMindManagementBAL", "CampusMindManagementBAL\CampusMindManagementBAL.csproj", "{5CD139F4-2831-496A-AB5B-C41049C9E690}"
EndProject
Project("{9A19103F-16F7-4668-BE54-9A1E7A4F7556}") = "CampusMindManagementDAL", "CampusMindManagementDAL\CampusMindManagementDAL.csproj", "{DE2646FF-0860-4C31-BB97-F581AC070BF7}"
EndProject
Project("{9A19103F-16F7-4668-BE54-9A1E7A4F7556}") = "CampusMindManagementEntity", "CampusMindManagementEntity\CampusMindManagementEntity.csproj", "{F1334E70-DB2B-49A1-B6FE-CC2054471129}"
EndProject
Project("{FAE04EC0-301F-11D3-BF4B-00C04F79EFBC}") = "CampusMindManagementException", "CampusMindManagementException\CampusMindManagementException.csproj", "{A0E1F7D1-5BEF-4AA2-A6B4-9B22B097E658}"
EndProject
Global
	GlobalSection(SolutionConfigurationPlatforms) = preSolution
		Debug|Any CPU = Debug|Any CPU
		Release|Any CPU = Release|Any CPU
	EndGlobalSection
	GlobalSection(ProjectConfigurationPlatforms) = postSolution
		{09543D92-4EE6-4EC3-B9F9-07590E38DDC7}.Debug|Any CPU.ActiveCfg = Debug|Any CPU
		{09543D92-4EE6-4EC3-B9F9-07590E38DDC7}.Debug|Any CPU.Build.0 = Debug|Any CPU
		{09543D92-4EE6-4EC3-B9F9-07590E38DDC7}.Release|Any CPU.ActiveCfg = Release|Any CPU
		{09543D92-4EE6-4EC3-B9F9-07590E38DDC7}.Release|Any CPU.Build.0 = Release|Any CPU
		{5CD139F4-2831-496A-AB5B-C41049C9E690}.Debug|Any CPU.ActiveCfg = Debug|Any CPU
		{5CD139F4-2831-496A-AB5B-C41049C9E690}.Debug|Any CPU.Build.0 = Debug|Any CPU
		{5CD139F4-2831-496A-AB5B-C41049C9E690}.Release|Any CPU.ActiveCfg = Release|Any CPU
		{5CD139F4-2831-496A-AB5B-C41049C9E690}.Release|Any CPU.Build.0 = Release|Any CPU
		{DE2646FF-0860-4C31-BB97-F581AC070BF7}.Debug|Any CPU.ActiveCfg = Debug|Any CPU
		{DE2646FF-0860-4C31-BB97-F581AC070BF7}.Debug|Any CPU.Build.0 = Debug|Any CPU
		{DE2646FF-0860-4C31-BB97-F581AC070BF7}.Release|Any CPU.ActiveCfg = Release|Any CPU
		{DE2646FF-0860-4C31-BB97-F581AC070BF7}.Release|Any CPU.Build.0 = Release|Any CPU
		{F1334E70-DB2B-49A1-B6FE-CC2054471129}.Debug|Any CPU.ActiveCfg = Debug|Any CPU
		{F1334E70-DB2B-49A1-B6FE-CC2054471129}.Debug|Any CPU.Build.0 = Debug|Any CPU
		{F1334E70-DB2B-49A1-B6FE-CC2054471129}.Release|Any CPU.ActiveCfg = Release|Any CPU
		{F1334E70-DB2B-49A1-B6FE-CC2054471129}.Release|Any CPU.Build.0 = Release|Any CPU
		{A0E1F7D1-5BEF-4AA2-A6B4-9B22B097E658}.Debug|Any CPU.ActiveCfg = Debug|Any CPU
		{A0E1F7D1-5BEF-4AA2-A6B4-9B22B097E658}.Debug|Any CPU.Build.0 = Debug|Any CPU
		{A0E1F7D1-5BEF-4AA2-A6B4-9B22B097E658}.Release|Any CPU.ActiveCfg = Release|Any CPU
		{A0E1F7D1-5BEF-4AA2-A6B4-9B22B097E658}.Release|Any CPU.Build.0 = Release|Any CPU
	EndGlobalSection
	GlobalSection(SolutionProperties) = preSolution
		HideSolutionNode = FALSE
	EndGlobalSection
	GlobalSection(ExtensibilityGlobals) = postSolution
		SolutionGuid = {A52917EC-E112-4A2D-AF45-31DCCD522DA6}
	EndGlobalSection
EndGlobal
